
Microsoft Visual Studio Solution File, Format Version 12.00
# Visual Studio Version 17
VisualStudioVersion = 17.10.35004.147
MinimumVisualStudioVersion = 10.0.40219.1
Project("{FAE04EC0-301F-11D3-BF4B-00C04F79EFBC}") = "WebApi1", "WebApi1.csproj", "{A45947E8-2AB7-4F57-A085-3D0B1D63D302}"
EndProject
Global
	GlobalSection(SolutionConfigurationPlatforms) = preSolution
		Debug|Any CPU = Debug|Any CPU
		Release|Any CPU = Release|Any CPU
	EndGlobalSection
	GlobalSection(ProjectConfigurationPlatforms) = postSolution
		{A45947E8-2AB7-4F57-A085-3D0B1D63D302}.Debug|Any CPU.ActiveCfg = Debug|Any CPU
		{A45947E8-2AB7-4F57-A085-3D0B1D63D302}.Debug|Any CPU.Build.0 = Debug|Any CPU
		{A45947E8-2AB7-4F57-A085-3D0B1D63D302}.Release|Any CPU.ActiveCfg = Release|Any CPU
		{A45947E8-2AB7-4F57-A085-3D0B1D63D302}.Release|Any CPU.Build.0 = Release|Any CPU
	EndGlobalSection
	GlobalSection(SolutionProperties) = preSolution
		HideSolutionNode = FALSE
	EndGlobalSection
	GlobalSection(ExtensibilityGlobals) = postSolution
		SolutionGuid = {7317AF47-1423-40D1-BDC4-423B1C156ED1}
	EndGlobalSection
EndGlobal
